
Microsoft Visual Studio Solution File, Format Version 12.00
# Visual Studio Version 17
VisualStudioVersion = 17.8.34330.188
MinimumVisualStudioVersion = 10.0.40219.1
Project("{FAE04EC0-301F-11D3-BF4B-00C04F79EFBC}") = "api-app", "api-app\api-app.csproj", "{57C14218-927D-4876-B6AE-7A4E0F0D91BF}"
EndProject
Global
	GlobalSection(SolutionConfigurationPlatforms) = preSolution
		Debug|Any CPU = Debug|Any CPU
		Release|Any CPU = Release|Any CPU
	EndGlobalSection
	GlobalSection(ProjectConfigurationPlatforms) = postSolution
		{57C14218-927D-4876-B6AE-7A4E0F0D91BF}.Debug|Any CPU.ActiveCfg = Debug|Any CPU
		{57C14218-927D-4876-B6AE-7A4E0F0D91BF}.Debug|Any CPU.Build.0 = Debug|Any CPU
		{57C14218-927D-4876-B6AE-7A4E0F0D91BF}.Release|Any CPU.ActiveCfg = Release|Any CPU
		{57C14218-927D-4876-B6AE-7A4E0F0D91BF}.Release|Any CPU.Build.0 = Release|Any CPU
	EndGlobalSection
	GlobalSection(SolutionProperties) = preSolution
		HideSolutionNode = FALSE
	EndGlobalSection
	GlobalSection(ExtensibilityGlobals) = postSolution
		SolutionGuid = {E6ADF6E3-E2EE-49DD-B644-499DB8BFE7F3}
	EndGlobalSection
EndGlobal
